
Microsoft Visual Studio Solution File, Format Version 12.00
# Visual Studio 14
VisualStudioVersion = 14.0.24720.0
MinimumVisualStudioVersion = 10.0.40219.1
Project("{FAE04EC0-301F-11D3-BF4B-00C04F79EFBC}") = "Fedosenko.Nsudotnet.Enigma", "Fedosenko.Nsudotnet.Enigma\Fedosenko.Nsudotnet.Enigma.csproj", "{90445C8B-8CB2-4A26-A706-91CB79064553}"
EndProject
Project("{2150E333-8FDC-42A3-9474-1A3956D46DE8}") = "Solution Items", "Solution Items", "{FCEF5C66-239F-44DA-9519-F70D40B70538}"
	ProjectSection(SolutionItems) = preProject
		readme.txt = readme.txt
	EndProjectSection
EndProject
Global
	GlobalSection(SolutionConfigurationPlatforms) = preSolution
		Debug|Any CPU = Debug|Any CPU
		Release|Any CPU = Release|Any CPU
	EndGlobalSection
	GlobalSection(ProjectConfigurationPlatforms) = postSolution
		{90445C8B-8CB2-4A26-A706-91CB79064553}.Debug|Any CPU.ActiveCfg = Debug|Any CPU
		{90445C8B-8CB2-4A26-A706-91CB79064553}.Debug|Any CPU.Build.0 = Debug|Any CPU
		{90445C8B-8CB2-4A26-A706-91CB79064553}.Release|Any CPU.ActiveCfg = Release|Any CPU
		{90445C8B-8CB2-4A26-A706-91CB79064553}.Release|Any CPU.Build.0 = Release|Any CPU
	EndGlobalSection
	GlobalSection(SolutionProperties) = preSolution
		HideSolutionNode = FALSE
	EndGlobalSection
EndGlobal
